
Microsoft Visual Studio Solution File, Format Version 12.00
# Visual Studio Version 17
VisualStudioVersion = 17.0.32014.148
MinimumVisualStudioVersion = 10.0.40219.1
Project("{8BC9CEB8-8B4A-11D0-8D11-00A0C91BC942}") = "HomeWork220112", "HomeWork220112\HomeWork220112.vcxproj", "{6BB53A5E-56BA-4EF0-B760-FEA48A83582D}"
EndProject
Project("{8BC9CEB8-8B4A-11D0-8D11-00A0C91BC942}") = "HomeWork220113", "HomeWork220113\HomeWork220113.vcxproj", "{6879D317-A092-472F-AF16-97751A9E052B}"
EndProject
Project("{8BC9CEB8-8B4A-11D0-8D11-00A0C91BC942}") = "HomeWork220114", "HomeWork220114\HomeWork220114.vcxproj", "{8B8B4387-CA60-4FF6-B28D-F911F6A73D07}"
EndProject
Global
	GlobalSection(SolutionConfigurationPlatforms) = preSolution
		Debug|x64 = Debug|x64
		Debug|x86 = Debug|x86
		Release|x64 = Release|x64
		Release|x86 = Release|x86
	EndGlobalSection
	GlobalSection(ProjectConfigurationPlatforms) = postSolution
		{6BB53A5E-56BA-4EF0-B760-FEA48A83582D}.Debug|x64.ActiveCfg = Debug|x64
		{6BB53A5E-56BA-4EF0-B760-FEA48A83582D}.Debug|x64.Build.0 = Debug|x64
		{6BB53A5E-56BA-4EF0-B760-FEA48A83582D}.Debug|x86.ActiveCfg = Debug|Win32
		{6BB53A5E-56BA-4EF0-B760-FEA48A83582D}.Debug|x86.Build.0 = Debug|Win32
		{6BB53A5E-56BA-4EF0-B760-FEA48A83582D}.Release|x64.ActiveCfg = Release|x64
		{6BB53A5E-56BA-4EF0-B760-FEA48A83582D}.Release|x64.Build.0 = Release|x64
		{6BB53A5E-56BA-4EF0-B760-FEA48A83582D}.Release|x86.ActiveCfg = Release|Win32
		{6BB53A5E-56BA-4EF0-B760-FEA48A83582D}.Release|x86.Build.0 = Release|Win32
		{6879D317-A092-472F-AF16-97751A9E052B}.Debug|x64.ActiveCfg = Debug|x64
		{6879D317-A092-472F-AF16-97751A9E052B}.Debug|x64.Build.0 = Debug|x64
		{6879D317-A092-472F-AF16-97751A9E052B}.Debug|x86.ActiveCfg = Debug|Win32
		{6879D317-A092-472F-AF16-97751A9E052B}.Debug|x86.Build.0 = Debug|Win32
		{6879D317-A092-472F-AF16-97751A9E052B}.Release|x64.ActiveCfg = Release|x64
		{6879D317-A092-472F-AF16-97751A9E052B}.Release|x64.Build.0 = Release|x64
		{6879D317-A092-472F-AF16-97751A9E052B}.Release|x86.ActiveCfg = Release|Win32
		{6879D317-A092-472F-AF16-97751A9E052B}.Release|x86.Build.0 = Release|Win32
		{8B8B4387-CA60-4FF6-B28D-F911F6A73D07}.Debug|x64.ActiveCfg = Debug|x64
		{8B8B4387-CA60-4FF6-B28D-F911F6A73D07}.Debug|x64.Build.0 = Debug|x64
		{8B8B4387-CA60-4FF6-B28D-F911F6A73D07}.Debug|x86.ActiveCfg = Debug|Win32
		{8B8B4387-CA60-4FF6-B28D-F911F6A73D07}.Debug|x86.Build.0 = Debug|Win32
		{8B8B4387-CA60-4FF6-B28D-F911F6A73D07}.Release|x64.ActiveCfg = Release|x64
		{8B8B4387-CA60-4FF6-B28D-F911F6A73D07}.Release|x64.Build.0 = Release|x64
		{8B8B4387-CA60-4FF6-B28D-F911F6A73D07}.Release|x86.ActiveCfg = Release|Win32
		{8B8B4387-CA60-4FF6-B28D-F911F6A73D07}.Release|x86.Build.0 = Release|Win32
	EndGlobalSection
	GlobalSection(SolutionProperties) = preSolution
		HideSolutionNode = FALSE
	EndGlobalSection
	GlobalSection(ExtensibilityGlobals) = postSolution
		SolutionGuid = {1A59E255-739B-4B9B-9ADB-E504D4ABDF20}
	EndGlobalSection
EndGlobal
